
Microsoft Visual Studio Solution File, Format Version 12.00
# Visual Studio Version 16
VisualStudioVersion = 16.0.30907.101
MinimumVisualStudioVersion = 10.0.40219.1
Project("{FAE04EC0-301F-11D3-BF4B-00C04F79EFBC}") = "FormosaRM_ICControl", "FormosaRM_ICControl\FormosaRM_ICControl.csproj", "{D0C21384-0690-4D8E-A0C2-0D9ACEE08276}"
EndProject
Global
	GlobalSection(SolutionConfigurationPlatforms) = preSolution
		Debug|Any CPU = Debug|Any CPU
		Release|Any CPU = Release|Any CPU
	EndGlobalSection
	GlobalSection(ProjectConfigurationPlatforms) = postSolution
		{D0C21384-0690-4D8E-A0C2-0D9ACEE08276}.Debug|Any CPU.ActiveCfg = Debug|Any CPU
		{D0C21384-0690-4D8E-A0C2-0D9ACEE08276}.Debug|Any CPU.Build.0 = Debug|Any CPU
		{D0C21384-0690-4D8E-A0C2-0D9ACEE08276}.Release|Any CPU.ActiveCfg = Release|Any CPU
		{D0C21384-0690-4D8E-A0C2-0D9ACEE08276}.Release|Any CPU.Build.0 = Release|Any CPU
	EndGlobalSection
	GlobalSection(SolutionProperties) = preSolution
		HideSolutionNode = FALSE
	EndGlobalSection
	GlobalSection(ExtensibilityGlobals) = postSolution
		SolutionGuid = {193D2344-D38B-4CFD-9780-98F0669A92F7}
	EndGlobalSection
EndGlobal
